version: 6
environments:
  default:
    channels:
    - url: https://conda.anaconda.org/conda-forge/
    options:
      pypi-prerelease-mode: if-necessary-or-explicit
    packages:
      win-64:
      - conda: https://conda.anaconda.org/conda-forge/win-64/vs2022_win-64-19.44.35207-ha74f236_34.conda
      - conda: https://conda.anaconda.org/conda-forge/noarch/vswhere-3.1.7-h40126e0_1.conda
packages:
- conda: https://conda.anaconda.org/conda-forge/win-64/vs2022_win-64-19.44.35207-ha74f236_34.conda
  sha256: 05bc657625b58159bcea039a35cc89d1f8baf54bf4060019c2b559a03ba4a45e
  md5: 1d699ffd41c140b98e199ddd9787e1e1
  depends:
  - vswhere
  constrains:
  - vs_win-64 2022.14
  track_features:
  - vc14
  license: BSD-3-Clause
  license_family: BSD
  size: 23060
  timestamp: 1767320175868
- conda: https://conda.anaconda.org/conda-forge/noarch/vswhere-3.1.7-h40126e0_1.conda
  sha256: b72270395326dc56de9bd6ca82f63791b3c8c9e2b98e25242a9869a4ca821895
  md5: f622897afff347b715d046178ad745a5
  depends:
  - __win
  license: MIT
  license_family: MIT
  size: 238764
  timestamp: 1745560912727
